
Microsoft Visual Studio Solution File, Format Version 12.00
# Visual Studio Version 17
VisualStudioVersion = 17.3.32929.385
MinimumVisualStudioVersion = 10.0.40219.1
Project("{FAE04EC0-301F-11D3-BF4B-00C04F79EFBC}") = "Midterm", "Midterm\Midterm.csproj", "{DB461481-4DCA-49D3-983B-6276185E1821}"
EndProject
Global
	GlobalSection(SolutionConfigurationPlatforms) = preSolution
		Debug|Any CPU = Debug|Any CPU
		Release|Any CPU = Release|Any CPU
	EndGlobalSection
	GlobalSection(ProjectConfigurationPlatforms) = postSolution
		{DB461481-4DCA-49D3-983B-6276185E1821}.Debug|Any CPU.ActiveCfg = Debug|Any CPU
		{DB461481-4DCA-49D3-983B-6276185E1821}.Debug|Any CPU.Build.0 = Debug|Any CPU
		{DB461481-4DCA-49D3-983B-6276185E1821}.Release|Any CPU.ActiveCfg = Release|Any CPU
		{DB461481-4DCA-49D3-983B-6276185E1821}.Release|Any CPU.Build.0 = Release|Any CPU
	EndGlobalSection
	GlobalSection(SolutionProperties) = preSolution
		HideSolutionNode = FALSE
	EndGlobalSection
	GlobalSection(ExtensibilityGlobals) = postSolution
		SolutionGuid = {DCDD75C9-43F8-4180-BC01-7C4C436134AD}
	EndGlobalSection
EndGlobal
